
Microsoft Visual Studio Solution File, Format Version 12.00
# Visual Studio Version 17
VisualStudioVersion = 17.10.35122.118
MinimumVisualStudioVersion = 10.0.40219.1
Project("{FAE04EC0-301F-11D3-BF4B-00C04F79EFBC}") = "HW_2.2.1", "HW_2.2.1\HW_2.2.1.csproj", "{45A48129-1022-4442-947C-EB97F54D2596}"
EndProject
Global
	GlobalSection(SolutionConfigurationPlatforms) = preSolution
		Debug|Any CPU = Debug|Any CPU
		Release|Any CPU = Release|Any CPU
	EndGlobalSection
	GlobalSection(ProjectConfigurationPlatforms) = postSolution
		{45A48129-1022-4442-947C-EB97F54D2596}.Debug|Any CPU.ActiveCfg = Debug|Any CPU
		{45A48129-1022-4442-947C-EB97F54D2596}.Debug|Any CPU.Build.0 = Debug|Any CPU
		{45A48129-1022-4442-947C-EB97F54D2596}.Release|Any CPU.ActiveCfg = Release|Any CPU
		{45A48129-1022-4442-947C-EB97F54D2596}.Release|Any CPU.Build.0 = Release|Any CPU
	EndGlobalSection
	GlobalSection(SolutionProperties) = preSolution
		HideSolutionNode = FALSE
	EndGlobalSection
	GlobalSection(ExtensibilityGlobals) = postSolution
		SolutionGuid = {CA79C2A1-4A8D-4DD0-A1F7-FB177D6AF700}
	EndGlobalSection
EndGlobal
