
Microsoft Visual Studio Solution File, Format Version 12.00
# Visual Studio Version 17
VisualStudioVersion = 17.10.35122.118
MinimumVisualStudioVersion = 10.0.40219.1
Project("{FAE04EC0-301F-11D3-BF4B-00C04F79EFBC}") = "HW5", "HW5\HW5.csproj", "{4D0F6441-349B-41DB-B1A8-E4BC966A074C}"
EndProject
Global
	GlobalSection(SolutionConfigurationPlatforms) = preSolution
		Debug|Any CPU = Debug|Any CPU
		Release|Any CPU = Release|Any CPU
	EndGlobalSection
	GlobalSection(ProjectConfigurationPlatforms) = postSolution
		{4D0F6441-349B-41DB-B1A8-E4BC966A074C}.Debug|Any CPU.ActiveCfg = Debug|Any CPU
		{4D0F6441-349B-41DB-B1A8-E4BC966A074C}.Debug|Any CPU.Build.0 = Debug|Any CPU
		{4D0F6441-349B-41DB-B1A8-E4BC966A074C}.Release|Any CPU.ActiveCfg = Release|Any CPU
		{4D0F6441-349B-41DB-B1A8-E4BC966A074C}.Release|Any CPU.Build.0 = Release|Any CPU
	EndGlobalSection
	GlobalSection(SolutionProperties) = preSolution
		HideSolutionNode = FALSE
	EndGlobalSection
	GlobalSection(ExtensibilityGlobals) = postSolution
		SolutionGuid = {3A8542A6-4C2C-4AF2-85F8-4B49A49F4843}
	EndGlobalSection
EndGlobal
